
Microsoft Visual Studio Solution File, Format Version 12.00
# Visual Studio Version 17
VisualStudioVersion = 17.7.34031.279
MinimumVisualStudioVersion = 10.0.40219.1
Project("{FAE04EC0-301F-11D3-BF4B-00C04F79EFBC}") = "NguyenVanTai_2180605410_BaiTapTuan6", "NguyenVanTai_2180605410_BaiTapTuan6.csproj", "{F7D7E0DC-9759-4C31-A2C3-A6A8DDAEF2D3}"
EndProject
Global
	GlobalSection(SolutionConfigurationPlatforms) = preSolution
		Debug|Any CPU = Debug|Any CPU
		Release|Any CPU = Release|Any CPU
	EndGlobalSection
	GlobalSection(ProjectConfigurationPlatforms) = postSolution
		{F7D7E0DC-9759-4C31-A2C3-A6A8DDAEF2D3}.Debug|Any CPU.ActiveCfg = Debug|Any CPU
		{F7D7E0DC-9759-4C31-A2C3-A6A8DDAEF2D3}.Debug|Any CPU.Build.0 = Debug|Any CPU
		{F7D7E0DC-9759-4C31-A2C3-A6A8DDAEF2D3}.Release|Any CPU.ActiveCfg = Release|Any CPU
		{F7D7E0DC-9759-4C31-A2C3-A6A8DDAEF2D3}.Release|Any CPU.Build.0 = Release|Any CPU
	EndGlobalSection
	GlobalSection(SolutionProperties) = preSolution
		HideSolutionNode = FALSE
	EndGlobalSection
	GlobalSection(ExtensibilityGlobals) = postSolution
		SolutionGuid = {7E1C3731-57C9-461E-83F5-580284C8475E}
	EndGlobalSection
EndGlobal
